
Microsoft Visual Studio Solution File, Format Version 12.00
# Visual Studio Version 17
VisualStudioVersion = 17.5.33516.290
MinimumVisualStudioVersion = 10.0.40219.1
Project("{2150E333-8FDC-42A3-9474-1A3956D46DE8}") = "Learn 01 - Delegate", "Learn 01 - Delegate", "{DD698AE3-A97B-448E-AA94-E780A80D970B}"
EndProject
Project("{2150E333-8FDC-42A3-9474-1A3956D46DE8}") = "Learn 02 - Event", "Learn 02 - Event", "{A81114D2-10FB-47E2-ABCC-AF10AF42B348}"
EndProject
Project("{2150E333-8FDC-42A3-9474-1A3956D46DE8}") = "Learn 03 - Event", "Learn 03 - Event", "{F59D06B5-8495-45BC-8765-59A164A20FDA}"
EndProject
Project("{2150E333-8FDC-42A3-9474-1A3956D46DE8}") = "Learn 04 - Event", "Learn 04 - Event", "{587C94E4-EC08-4B57-811F-E7EA2197337A}"
EndProject
Project("{2150E333-8FDC-42A3-9474-1A3956D46DE8}") = "Learn 05 - Event", "Learn 05 - Event", "{37E9209F-6AE3-4280-BAAE-229000F5BB54}"
EndProject
Project("{2150E333-8FDC-42A3-9474-1A3956D46DE8}") = "Learn 10 - Action - Predict - Func", "Learn 10 - Action - Predict - Func", "{2DA8180C-2931-4DD4-A108-C131C7D0F575}"
EndProject
Project("{9A19103F-16F7-4668-BE54-9A1E7A4F7556}") = "Application", "Learn_0100\Application\Application.csproj", "{13CE7EF1-05FA-4FCE-B963-0D5BF2EB710A}"
EndProject
Project("{9A19103F-16F7-4668-BE54-9A1E7A4F7556}") = "Application", "Learn_0200\Application\Application.csproj", "{8F6ADBA1-9BBB-4E18-996A-B817158E70C4}"
EndProject
Project("{9A19103F-16F7-4668-BE54-9A1E7A4F7556}") = "Application", "Learn_0300\Application\Application.csproj", "{3100F358-1DE0-46BB-B259-337DF7D1D17B}"
EndProject
Project("{9A19103F-16F7-4668-BE54-9A1E7A4F7556}") = "Application", "Learn_0400\Application\Application.csproj", "{451E7EF6-97C6-460B-89B1-9D888EC2D8DF}"
EndProject
Project("{9A19103F-16F7-4668-BE54-9A1E7A4F7556}") = "Application", "Learn_0500\Application\Application.csproj", "{0F86F833-A5CE-4531-8AC1-8EB9DFA2BAF2}"
EndProject
Project("{9A19103F-16F7-4668-BE54-9A1E7A4F7556}") = "Application", "Learn_1000\Application\Application.csproj", "{B3F8ADA4-0820-4E9E-8F16-7B427A32759C}"
EndProject
Project("{2150E333-8FDC-42A3-9474-1A3956D46DE8}") = "Learn 11 - Anounymous Method - Lambda Expression", "Learn 11 - Anounymous Method - Lambda Expression", "{CF40CEF9-5C35-4F1F-B76A-F153351110C0}"
EndProject
Project("{9A19103F-16F7-4668-BE54-9A1E7A4F7556}") = "Application", "Learn_1100\Application\Application.csproj", "{6CACC707-BBBD-4E1D-8820-DF2FDEC248AF}"
EndProject
Project("{2150E333-8FDC-42A3-9474-1A3956D46DE8}") = "Learn 06 - Generic", "Learn 06 - Generic", "{C8045F9F-6054-4FBB-B223-CFF586288BBB}"
EndProject
Project("{9A19103F-16F7-4668-BE54-9A1E7A4F7556}") = "Application", "Learn_0600\Application\Application.csproj", "{408CE234-ED71-4362-9480-EA9485A5531A}"
EndProject
Global
	GlobalSection(SolutionConfigurationPlatforms) = preSolution
		Debug|Any CPU = Debug|Any CPU
		Release|Any CPU = Release|Any CPU
	EndGlobalSection
	GlobalSection(ProjectConfigurationPlatforms) = postSolution
		{13CE7EF1-05FA-4FCE-B963-0D5BF2EB710A}.Debug|Any CPU.ActiveCfg = Debug|Any CPU
		{13CE7EF1-05FA-4FCE-B963-0D5BF2EB710A}.Debug|Any CPU.Build.0 = Debug|Any CPU
		{13CE7EF1-05FA-4FCE-B963-0D5BF2EB710A}.Release|Any CPU.ActiveCfg = Release|Any CPU
		{13CE7EF1-05FA-4FCE-B963-0D5BF2EB710A}.Release|Any CPU.Build.0 = Release|Any CPU
		{8F6ADBA1-9BBB-4E18-996A-B817158E70C4}.Debug|Any CPU.ActiveCfg = Debug|Any CPU
		{8F6ADBA1-9BBB-4E18-996A-B817158E70C4}.Debug|Any CPU.Build.0 = Debug|Any CPU
		{8F6ADBA1-9BBB-4E18-996A-B817158E70C4}.Release|Any CPU.ActiveCfg = Release|Any CPU
		{8F6ADBA1-9BBB-4E18-996A-B817158E70C4}.Release|Any CPU.Build.0 = Release|Any CPU
		{3100F358-1DE0-46BB-B259-337DF7D1D17B}.Debug|Any CPU.ActiveCfg = Debug|Any CPU
		{3100F358-1DE0-46BB-B259-337DF7D1D17B}.Debug|Any CPU.Build.0 = Debug|Any CPU
		{3100F358-1DE0-46BB-B259-337DF7D1D17B}.Release|Any CPU.ActiveCfg = Release|Any CPU
		{3100F358-1DE0-46BB-B259-337DF7D1D17B}.Release|Any CPU.Build.0 = Release|Any CPU
		{451E7EF6-97C6-460B-89B1-9D888EC2D8DF}.Debug|Any CPU.ActiveCfg = Debug|Any CPU
		{451E7EF6-97C6-460B-89B1-9D888EC2D8DF}.Debug|Any CPU.Build.0 = Debug|Any CPU
		{451E7EF6-97C6-460B-89B1-9D888EC2D8DF}.Release|Any CPU.ActiveCfg = Release|Any CPU
		{451E7EF6-97C6-460B-89B1-9D888EC2D8DF}.Release|Any CPU.Build.0 = Release|Any CPU
		{0F86F833-A5CE-4531-8AC1-8EB9DFA2BAF2}.Debug|Any CPU.ActiveCfg = Debug|Any CPU
		{0F86F833-A5CE-4531-8AC1-8EB9DFA2BAF2}.Debug|Any CPU.Build.0 = Debug|Any CPU
		{0F86F833-A5CE-4531-8AC1-8EB9DFA2BAF2}.Release|Any CPU.ActiveCfg = Release|Any CPU
		{0F86F833-A5CE-4531-8AC1-8EB9DFA2BAF2}.Release|Any CPU.Build.0 = Release|Any CPU
		{B3F8ADA4-0820-4E9E-8F16-7B427A32759C}.Debug|Any CPU.ActiveCfg = Debug|Any CPU
		{B3F8ADA4-0820-4E9E-8F16-7B427A32759C}.Debug|Any CPU.Build.0 = Debug|Any CPU
		{B3F8ADA4-0820-4E9E-8F16-7B427A32759C}.Release|Any CPU.ActiveCfg = Release|Any CPU
		{B3F8ADA4-0820-4E9E-8F16-7B427A32759C}.Release|Any CPU.Build.0 = Release|Any CPU
		{6CACC707-BBBD-4E1D-8820-DF2FDEC248AF}.Debug|Any CPU.ActiveCfg = Debug|Any CPU
		{6CACC707-BBBD-4E1D-8820-DF2FDEC248AF}.Debug|Any CPU.Build.0 = Debug|Any CPU
		{6CACC707-BBBD-4E1D-8820-DF2FDEC248AF}.Release|Any CPU.ActiveCfg = Release|Any CPU
		{6CACC707-BBBD-4E1D-8820-DF2FDEC248AF}.Release|Any CPU.Build.0 = Release|Any CPU
		{408CE234-ED71-4362-9480-EA9485A5531A}.Debug|Any CPU.ActiveCfg = Debug|Any CPU
		{408CE234-ED71-4362-9480-EA9485A5531A}.Debug|Any CPU.Build.0 = Debug|Any CPU
		{408CE234-ED71-4362-9480-EA9485A5531A}.Release|Any CPU.ActiveCfg = Release|Any CPU
		{408CE234-ED71-4362-9480-EA9485A5531A}.Release|Any CPU.Build.0 = Release|Any CPU
	EndGlobalSection
	GlobalSection(SolutionProperties) = preSolution
		HideSolutionNode = FALSE
	EndGlobalSection
	GlobalSection(NestedProjects) = preSolution
		{13CE7EF1-05FA-4FCE-B963-0D5BF2EB710A} = {DD698AE3-A97B-448E-AA94-E780A80D970B}
		{8F6ADBA1-9BBB-4E18-996A-B817158E70C4} = {A81114D2-10FB-47E2-ABCC-AF10AF42B348}
		{3100F358-1DE0-46BB-B259-337DF7D1D17B} = {F59D06B5-8495-45BC-8765-59A164A20FDA}
		{451E7EF6-97C6-460B-89B1-9D888EC2D8DF} = {587C94E4-EC08-4B57-811F-E7EA2197337A}
		{0F86F833-A5CE-4531-8AC1-8EB9DFA2BAF2} = {37E9209F-6AE3-4280-BAAE-229000F5BB54}
		{B3F8ADA4-0820-4E9E-8F16-7B427A32759C} = {2DA8180C-2931-4DD4-A108-C131C7D0F575}
		{6CACC707-BBBD-4E1D-8820-DF2FDEC248AF} = {CF40CEF9-5C35-4F1F-B76A-F153351110C0}
		{408CE234-ED71-4362-9480-EA9485A5531A} = {C8045F9F-6054-4FBB-B223-CFF586288BBB}
	EndGlobalSection
	GlobalSection(ExtensibilityGlobals) = postSolution
		SolutionGuid = {51C0B0FE-DF1B-4C1C-A5E7-044BD4B4797C}
	EndGlobalSection
EndGlobal
